// !$*UTF8*$!
{
	archiveVersion = 1;
	classes = {
	};
	objectVersion = 56;
	objects = {

/* Begin PBXBuildFile section */
		C24955EC2AB0592C00F40628 /* eyebecentApp.swift in Sources */ = {isa = PBXBuildFile; fileRef = C24955EB2AB0592C00F40628 /* eyebecentApp.swift */; };
		C24955EE2AB0592C00F40628 /* ContentView.swift in Sources */ = {isa = PBXBuildFile; fileRef = C24955ED2AB0592C00F40628 /* ContentView.swift */; };
		C24955F02AB0592D00F40628 /* Assets.xcassets in Resources */ = {isa = PBXBuildFile; fileRef = C24955EF2AB0592D00F40628 /* Assets.xcassets */; };
		C24955F32AB0592D00F40628 /* Preview Assets.xcassets in Resources */ = {isa = PBXBuildFile; fileRef = C24955F22AB0592D00F40628 /* Preview Assets.xcassets */; };
		C24955FA2AB06F0D00F40628 /* BroadcastBeacon.swift in Sources */ = {isa = PBXBuildFile; fileRef = C24955F92AB06F0D00F40628 /* BroadcastBeacon.swift */; };
		FA5F035E2AC16F65007272BD /* Qiu_Qiu.mp3 in Resources */ = {isa = PBXBuildFile; fileRef = FA5F035D2AC16F65007272BD /* Qiu_Qiu.mp3 */; };
/* End PBXBuildFile section */

/* Begin PBXFileReference section */
		C24955E82AB0592C00F40628 /* eyebecent.app */ = {isa = PBXFileReference; explicitFileType = wrapper.application; includeInIndex = 0; path = eyebecent.app; sourceTree = BUILT_PRODUCTS_DIR; };
		C24955EB2AB0592C00F40628 /* eyebecentApp.swift */ = {isa = PBXFileReference; lastKnownFileType = sourcecode.swift; path = eyebecentApp.swift; sourceTree = "<group>"; };
		C24955ED2AB0592C00F40628 /* ContentView.swift */ = {isa = PBXFileReference; lastKnownFileType = sourcecode.swift; path = ContentView.swift; sourceTree = "<group>"; };
		C24955EF2AB0592D00F40628 /* Assets.xcassets */ = {isa = PBXFileReference; lastKnownFileType = folder.assetcatalog; path = Assets.xcassets; sourceTree = "<group>"; };
		C24955F22AB0592D00F40628 /* Preview Assets.xcassets */ = {isa = PBXFileReference; lastKnownFileType = folder.assetcatalog; path = "Preview Assets.xcassets"; sourceTree = "<group>"; };
		C24955F92AB06F0D00F40628 /* BroadcastBeacon.swift */ = {isa = PBXFileReference; lastKnownFileType = sourcecode.swift; path = BroadcastBeacon.swift; sourceTree = "<group>"; };
		FA5F035A2AC16CA1007272BD /* Info.plist */ = {isa = PBXFileReference; lastKnownFileType = text.plist; path = Info.plist; sourceTree = "<group>"; };
		FA5F035D2AC16F65007272BD /* Qiu_Qiu.mp3 */ = {isa = PBXFileReference; lastKnownFileType = audio.mp3; path = Qiu_Qiu.mp3; sourceTree = "<group>"; };
/* End PBXFileReference section */

/* Begin PBXFrameworksBuildPhase section */
		C24955E52AB0592C00F40628 /* Frameworks */ = {
			isa = PBXFrameworksBuildPhase;
			buildActionMask = 2147483647;
			files = (
			);
			runOnlyForDeploymentPostprocessing = 0;
		};
/* End PBXFrameworksBuildPhase section */

/* Begin PBXGroup section */
		C24955DF2AB0592C00F40628 = {
			isa = PBXGroup;
			children = (
				C24955EA2AB0592C00F40628 /* eyebecent */,
				C24955E92AB0592C00F40628 /* Products */,
			);
			sourceTree = "<group>";
		};
		C24955E92AB0592C00F40628 /* Products */ = {
			isa = PBXGroup;
			children = (
				C24955E82AB0592C00F40628 /* eyebecent.app */,
			);
			name = Products;
			sourceTree = "<group>";
		};
		C24955EA2AB0592C00F40628 /* eyebecent */ = {
			isa = PBXGroup;
			children = (
				FA5F035A2AC16CA1007272BD /* Info.plist */,
				C24955EB2AB0592C00F40628 /* eyebecentApp.swift */,
				C24955ED2AB0592C00F40628 /* ContentView.swift */,
				FA5F035D2AC16F65007272BD /* Qiu_Qiu.mp3 */,
				C24955EF2AB0592D00F40628 /* Assets.xcassets */,
				C24955F12AB0592D00F40628 /* Preview Content */,
				C24955F92AB06F0D00F40628 /* BroadcastBeacon.swift */,
			);
			path = eyebecent;
			sourceTree = "<group>";
		};
		C24955F12AB0592D00F40628 /* Preview Content */ = {
			isa = PBXGroup;
			children = (
				C24955F22AB0592D00F40628 /* Preview Assets.xcassets */,
			);
			path = "Preview Content";
			sourceTree = "<group>";
		};
/* End PBXGroup section */

/* Begin PBXNativeTarget section */
		C24955E72AB0592C00F40628 /* eyebecent */ = {
			isa = PBXNativeTarget;
			buildConfigurationList = C24955F62AB0592D00F40628 /* Build configuration list for PBXNativeTarget "eyebecent" */;
			buildPhases = (
				C24955E42AB0592C00F40628 /* Sources */,
				C24955E52AB0592C00F40628 /* Frameworks */,
				C24955E62AB0592C00F40628 /* Resources */,
			);
			buildRules = (
			);
			dependencies = (
			);
			name = eyebecent;
			productName = eyebecent;
			productReference = C24955E82AB0592C00F40628 /* eyebecent.app */;
			productType = "com.apple.product-type.application";
		};
/* End PBXNativeTarget section */

/* Begin PBXProject section */
		C24955E02AB0592C00F40628 /* Project object */ = {
			isa = PBXProject;
			attributes = {
				BuildIndependentTargetsInParallel = 1;
				LastSwiftUpdateCheck = 1430;
				LastUpgradeCheck = 1430;
				TargetAttributes = {
					C24955E72AB0592C00F40628 = {
						CreatedOnToolsVersion = 14.3.1;
					};
				};
			};
			buildConfigurationList = C24955E32AB0592C00F40628 /* Build configuration list for PBXProject "eyebecent" */;
			compatibilityVersion = "Xcode 14.0";
			developmentRegion = en;
			hasScannedForEncodings = 0;
			knownRegions = (
				en,
				Base,
			);
			mainGroup = C24955DF2AB0592C00F40628;
			productRefGroup = C24955E92AB0592C00F40628 /* Products */;
			projectDirPath = "";
			projectRoot = "";
			targets = (
				C24955E72AB0592C00F40628 /* eyebecent */,
			);
		};
/* End PBXProject section */

/* Begin PBXResourcesBuildPhase section */
		C24955E62AB0592C00F40628 /* Resources */ = {
			isa = PBXResourcesBuildPhase;
			buildActionMask = 2147483647;
			files = (
				C24955F32AB0592D00F40628 /* Preview Assets.xcassets in Resources */,
				C24955F02AB0592D00F40628 /* Assets.xcassets in Resources */,
				FA5F035E2AC16F65007272BD /* Qiu_Qiu.mp3 in Resources */,
			);
			runOnlyForDeploymentPostprocessing = 0;
		};
/* End PBXResourcesBuildPhase section */

/* Begin PBXSourcesBuildPhase section */
		C24955E42AB0592C00F40628 /* Sources */ = {
			isa = PBXSourcesBuildPhase;
			buildActionMask = 2147483647;
			files = (
				C24955EE2AB0592C00F40628 /* ContentView.swift in Sources */,
				C24955FA2AB06F0D00F40628 /* BroadcastBeacon.swift in Sources */,
				C24955EC2AB0592C00F40628 /* eyebecentApp.swift in Sources */,
			);
			runOnlyForDeploymentPostprocessing = 0;
		};
/* End PBXSourcesBuildPhase section */

/* Begin XCBuildConfiguration section */
		C24955F42AB0592D00F40628 /* Debug */ = {
			isa = XCBuildConfiguration;
			buildSettings = {
				ALWAYS_SEARCH_USER_PATHS = NO;
				CLANG_ANALYZER_NONNULL = YES;
				CLANG_ANALYZER_NUMBER_OBJECT_CONVERSION = YES_AGGRESSIVE;
				CLANG_CXX_LANGUAGE_STANDARD = "gnu++20";
				CLANG_ENABLE_MODULES = YES;
				CLANG_ENABLE_OBJC_ARC = YES;
				CLANG_ENABLE_OBJC_WEAK = YES;
				CLANG_WARN_BLOCK_CAPTURE_AUTORELEASING = YES;
				CLANG_WARN_BOOL_CONVERSION = YES;
				CLANG_WARN_COMMA = YES;
				CLANG_WARN_CONSTANT_CONVERSION = YES;
				CLANG_WARN_DEPRECATED_OBJC_IMPLEMENTATIONS = YES;
				CLANG_WARN_DIRECT_OBJC_ISA_USAGE = YES_ERROR;
				CLANG_WARN_DOCUMENTATION_COMMENTS = YES;
				CLANG_WARN_EMPTY_BODY = YES;
				CLANG_WARN_ENUM_CONVERSION = YES;
				CLANG_WARN_INFINITE_RECURSION = YES;
				CLANG_WARN_INT_CONVERSION = YES;
				CLANG_WARN_NON_LITERAL_NULL_CONVERSION = YES;
				CLANG_WARN_OBJC_IMPLICIT_RETAIN_SELF = YES;
				CLANG_WARN_OBJC_LITERAL_CONVERSION = YES;
				CLANG_WARN_OBJC_ROOT_CLASS = YES_ERROR;
				CLANG_WARN_QUOTED_INCLUDE_IN_FRAMEWORK_HEADER = YES;
				CLANG_WARN_RANGE_LOOP_ANALYSIS = YES;
				CLANG_WARN_STRICT_PROTOTYPES = YES;
				CLANG_WARN_SUSPICIOUS_MOVE = YES;
				CLANG_WARN_UNGUARDED_AVAILABILITY = YES_AGGRESSIVE;
				CLANG_WARN_UNREACHABLE_CODE = YES;
				CLANG_WARN__DUPLICATE_METHOD_MATCH = YES;
				COPY_PHASE_STRIP = NO;
				DEBUG_INFORMATION_FORMAT = dwarf;
				ENABLE_STRICT_OBJC_MSGSEND = YES;
				ENABLE_TESTABILITY = YES;
				GCC_C_LANGUAGE_STANDARD = gnu11;
				GCC_DYNAMIC_NO_PIC = NO;
				GCC_NO_COMMON_BLOCKS = YES;
				GCC_OPTIMIZATION_LEVEL = 0;
				GCC_PREPROCESSOR_DEFINITIONS = (
					"DEBUG=1",
					"$(inherited)",
				);
				GCC_WARN_64_TO_32_BIT_CONVERSION = YES;
				GCC_WARN_ABOUT_RETURN_TYPE = YES_ERROR;
				GCC_WARN_UNDECLARED_SELECTOR = YES;
				GCC_WARN_UNINITIALIZED_AUTOS = YES_AGGRESSIVE;
				GCC_WARN_UNUSED_FUNCTION = YES;
				GCC_WARN_UNUSED_VARIABLE = YES;
				IPHONEOS_DEPLOYMENT_TARGET = 16.4;
				MTL_ENABLE_DEBUG_INFO = INCLUDE_SOURCE;
				MTL_FAST_MATH = YES;
				ONLY_ACTIVE_ARCH = YES;
				SDKROOT = iphoneos;
				SWIFT_ACTIVE_COMPILATION_CONDITIONS = DEBUG;
				SWIFT_OPTIMIZATION_LEVEL = "-Onone";
			};
			name = Debug;
		};
		C24955F52AB0592D00F40628 /* Release */ = {
			isa = XCBuildConfiguration;
			buildSettings = {
				ALWAYS_SEARCH_USER_PATHS = NO;
				CLANG_ANALYZER_NONNULL = YES;
				CLANG_ANALYZER_NUMBER_OBJECT_CONVERSION = YES_AGGRESSIVE;
				CLANG_CXX_LANGUAGE_STANDARD = "gnu++20";
				CLANG_ENABLE_MODULES = YES;
				CLANG_ENABLE_OBJC_ARC = YES;
				CLANG_ENABLE_OBJC_WEAK = YES;
				CLANG_WARN_BLOCK_CAPTURE_AUTORELEASING = YES;
				CLANG_WARN_BOOL_CONVERSION = YES;
				CLANG_WARN_COMMA = YES;
				CLANG_WARN_CONSTANT_CONVERSION = YES;
				CLANG_WARN_DEPRECATED_OBJC_IMPLEMENTATIONS = YES;
				CLANG_WARN_DIRECT_OBJC_ISA_USAGE = YES_ERROR;
				CLANG_WARN_DOCUMENTATION_COMMENTS = YES;
				CLANG_WARN_EMPTY_BODY = YES;
				CLANG_WARN_ENUM_CONVERSION = YES;
				CLANG_WARN_INFINITE_RECURSION = YES;
				CLANG_WARN_INT_CONVERSION = YES;
				CLANG_WARN_NON_LITERAL_NULL_CONVERSION = YES;
				CLANG_WARN_OBJC_IMPLICIT_RETAIN_SELF = YES;
				CLANG_WARN_OBJC_LITERAL_CONVERSION = YES;
				CLANG_WARN_OBJC_ROOT_CLASS = YES_ERROR;
				CLANG_WARN_QUOTED_INCLUDE_IN_FRAMEWORK_HEADER = YES;
				CLANG_WARN_RANGE_LOOP_ANALYSIS = YES;
				CLANG_WARN_STRICT_PROTOTYPES = YES;
				CLANG_WARN_SUSPICIOUS_MOVE = YES;
				CLANG_WARN_UNGUARDED_AVAILABILITY = YES_AGGRESSIVE;
				CLANG_WARN_UNREACHABLE_CODE = YES;
				CLANG_WARN__DUPLICATE_METHOD_MATCH = YES;
				COPY_PHASE_STRIP = NO;
				DEBUG_INFORMATION_FORMAT = "dwarf-with-dsym";
				ENABLE_NS_ASSERTIONS = NO;
				ENABLE_STRICT_OBJC_MSGSEND = YES;
				GCC_C_LANGUAGE_STANDARD = gnu11;
				GCC_NO_COMMON_BLOCKS = YES;
				GCC_WARN_64_TO_32_BIT_CONVERSION = YES;
				GCC_WARN_ABOUT_RETURN_TYPE = YES_ERROR;
				GCC_WARN_UNDECLARED_SELECTOR = YES;
				GCC_WARN_UNINITIALIZED_AUTOS = YES_AGGRESSIVE;
				GCC_WARN_UNUSED_FUNCTION = YES;
				GCC_WARN_UNUSED_VARIABLE = YES;
				IPHONEOS_DEPLOYMENT_TARGET = 16.4;
				MTL_ENABLE_DEBUG_INFO = NO;
				MTL_FAST_MATH = YES;
				SDKROOT = iphoneos;
				SWIFT_COMPILATION_MODE = wholemodule;
				SWIFT_OPTIMIZATION_LEVEL = "-O";
				VALIDATE_PRODUCT = YES;
			};
			name = Release;
		};
		C24955F72AB0592D00F40628 /* Debug */ = {
			isa = XCBuildConfiguration;
			buildSettings = {
				ASSETCATALOG_COMPILER_APPICON_NAME = AppIcon;
				ASSETCATALOG_COMPILER_GLOBAL_ACCENT_COLOR_NAME = AccentColor;
				CODE_SIGN_STYLE = Automatic;
				CURRENT_PROJECT_VERSION = 1;
				DEVELOPMENT_ASSET_PATHS = "\"eyebecent/Preview Content\"";
				DEVELOPMENT_TEAM = SHFM5974XN;
				ENABLE_PREVIEWS = YES;
				GENERATE_INFOPLIST_FILE = YES;
				INFOPLIST_FILE = eyebecent/Info.plist;
				INFOPLIST_KEY_NSBluetoothAlwaysUsageDescription = 1.0;
				INFOPLIST_KEY_NSLocationAlwaysAndWhenInUseUsageDescription = "Beacon detection";
				INFOPLIST_KEY_NSLocationWhenInUseUsageDescription = "";
				INFOPLIST_KEY_UIApplicationSceneManifest_Generation = YES;
				INFOPLIST_KEY_UIApplicationSupportsIndirectInputEvents = YES;
				INFOPLIST_KEY_UILaunchScreen_Generation = YES;
				INFOPLIST_KEY_UISupportedInterfaceOrientations_iPad = "UIInterfaceOrientationPortrait UIInterfaceOrientationPortraitUpsideDown UIInterfaceOrientationLandscapeLeft UIInterfaceOrientationLandscapeRight";
				INFOPLIST_KEY_UISupportedInterfaceOrientations_iPhone = "UIInterfaceOrientationPortrait UIInterfaceOrientationLandscapeLeft UIInterfaceOrientationLandscapeRight";
				LD_RUNPATH_SEARCH_PATHS = (
					"$(inherited)",
					"@executable_path/Frameworks",
				);
				MARKETING_VERSION = 1.0;
				PRODUCT_BUNDLE_IDENTIFIER = id.imfar.eyebecent;
				PRODUCT_NAME = "$(TARGET_NAME)";
				SWIFT_EMIT_LOC_STRINGS = YES;
				SWIFT_VERSION = 5.0;
				TARGETED_DEVICE_FAMILY = "1,2";
			};
			name = Debug;
		};
		C24955F82AB0592D00F40628 /* Release */ = {
			isa = XCBuildConfiguration;
			buildSettings = {
				ASSETCATALOG_COMPILER_APPICON_NAME = AppIcon;
				ASSETCATALOG_COMPILER_GLOBAL_ACCENT_COLOR_NAME = AccentColor;
				CODE_SIGN_STYLE = Automatic;
				CURRENT_PROJECT_VERSION = 1;
				DEVELOPMENT_ASSET_PATHS = "\"eyebecent/Preview Content\"";
				DEVELOPMENT_TEAM = SHFM5974XN;
				ENABLE_PREVIEWS = YES;
				GENERATE_INFOPLIST_FILE = YES;
				INFOPLIST_FILE = eyebecent/Info.plist;
				INFOPLIST_KEY_NSBluetoothAlwaysUsageDescription = 1.0;
				INFOPLIST_KEY_NSLocationAlwaysAndWhenInUseUsageDescription = "Beacon detection";
				INFOPLIST_KEY_NSLocationWhenInUseUsageDescription = "";
				INFOPLIST_KEY_UIApplicationSceneManifest_Generation = YES;
				INFOPLIST_KEY_UIApplicationSupportsIndirectInputEvents = YES;
				INFOPLIST_KEY_UILaunchScreen_Generation = YES;
				INFOPLIST_KEY_UISupportedInterfaceOrientations_iPad = "UIInterfaceOrientationPortrait UIInterfaceOrientationPortraitUpsideDown UIInterfaceOrientationLandscapeLeft UIInterfaceOrientationLandscapeRight";
				INFOPLIST_KEY_UISupportedInterfaceOrientations_iPhone = "UIInterfaceOrientationPortrait UIInterfaceOrientationLandscapeLeft UIInterfaceOrientationLandscapeRight";
				LD_RUNPATH_SEARCH_PATHS = (
					"$(inherited)",
					"@executable_path/Frameworks",
				);
				MARKETING_VERSION = 1.0;
				PRODUCT_BUNDLE_IDENTIFIER = id.imfar.eyebecent;
				PRODUCT_NAME = "$(TARGET_NAME)";
				SWIFT_EMIT_LOC_STRINGS = YES;
				SWIFT_VERSION = 5.0;
				TARGETED_DEVICE_FAMILY = "1,2";
			};
			name = Release;
		};
/* End XCBuildConfiguration section */

/* Begin XCConfigurationList section */
		C24955E32AB0592C00F40628 /* Build configuration list for PBXProject "eyebecent" */ = {
			isa = XCConfigurationList;
			buildConfigurations = (
				C24955F42AB0592D00F40628 /* Debug */,
				C24955F52AB0592D00F40628 /* Release */,
			);
			defaultConfigurationIsVisible = 0;
			defaultConfigurationName = Release;
		};
		C24955F62AB0592D00F40628 /* Build configuration list for PBXNativeTarget "eyebecent" */ = {
			isa = XCConfigurationList;
			buildConfigurations = (
				C24955F72AB0592D00F40628 /* Debug */,
				C24955F82AB0592D00F40628 /* Release */,
			);
			defaultConfigurationIsVisible = 0;
			defaultConfigurationName = Release;
		};
/* End XCConfigurationList section */
	};
	rootObject = C24955E02AB0592C00F40628 /* Project object */;
}
